
Microsoft Visual Studio Solution File, Format Version 12.00
# Visual Studio 2013
VisualStudioVersion = 12.0.30501.0
MinimumVisualStudioVersion = 10.0.40219.1
Project("{8BC9CEB8-8B4A-11D0-8D11-00A0C91BC942}") = "knio-rsa-thing", "knio-rsa-thing\knio-rsa-thing.vcxproj", "{25E5CD96-CE99-4B13-9461-D8DAAEC436F9}"
EndProject
Global
	GlobalSection(SolutionConfigurationPlatforms) = preSolution
		Debug|Win32 = Debug|Win32
		Debug|x64 = Debug|x64
		Release|Win32 = Release|Win32
		Release|x64 = Release|x64
	EndGlobalSection
	GlobalSection(ProjectConfigurationPlatforms) = postSolution
		{25E5CD96-CE99-4B13-9461-D8DAAEC436F9}.Debug|Win32.ActiveCfg = Debug|Win32
		{25E5CD96-CE99-4B13-9461-D8DAAEC436F9}.Debug|Win32.Build.0 = Debug|Win32
		{25E5CD96-CE99-4B13-9461-D8DAAEC436F9}.Debug|x64.ActiveCfg = Debug|x64
		{25E5CD96-CE99-4B13-9461-D8DAAEC436F9}.Debug|x64.Build.0 = Debug|x64
		{25E5CD96-CE99-4B13-9461-D8DAAEC436F9}.Release|Win32.ActiveCfg = Release|Win32
		{25E5CD96-CE99-4B13-9461-D8DAAEC436F9}.Release|Win32.Build.0 = Release|Win32
		{25E5CD96-CE99-4B13-9461-D8DAAEC436F9}.Release|x64.ActiveCfg = Debug|x64
		{25E5CD96-CE99-4B13-9461-D8DAAEC436F9}.Release|x64.Build.0 = Debug|x64
	EndGlobalSection
	GlobalSection(SolutionProperties) = preSolution
		HideSolutionNode = FALSE
	EndGlobalSection
EndGlobal
